schema: '2.0'
stages:
  extract_data:
    cmd: python src/get_data.py --config=params.yaml
    deps:
    - path: databases/secure-connect-h1.zip
      md5: ff0e730d6bfc597247589e8a01b5c791
      size: 12279
    - path: databases/secure-connect-h22.zip
      md5: 3964cb40457488eec90d57526b9cc89e
      size: 12249
    - path: databases/secure-connect-h33.zip
      md5: e829528bfe2c39a873dcfd431a41c773
      size: 12261
    - path: src/get_data.py
      md5: 5db646a22bfd3ac5e113488af0a70f8d
      size: 3581
    outs:
    - path: data/raw/aps.csv
      md5: facae1a70d9c70bc6d386d7552890bfd
      size: 46717246
  processing_data:
    cmd: python src/load_data.py --config=params.yaml
    deps:
    - path: data/raw/aps.csv
      md5: facae1a70d9c70bc6d386d7552890bfd
      size: 46717246
    outs:
    - path: data/processed/aps.csv
      md5: daa9ae1fe9f50c56b22d4b2e4447d64c
      size: 24967387
  finalling_data:
    cmd: python src/f_s.py --config=params.yaml
    deps:
    - path: data/processed/aps.csv
      md5: daa9ae1fe9f50c56b22d4b2e4447d64c
      size: 24967387
    outs:
    - path: data/final/aps.csv
      md5: c9b498604f12753083fa6dccc193df25
      size: 24430310
  training_data:
    cmd: python src/train_and_evalute.py --config=params.yaml
    deps:
    - path: data/final/aps.csv
      md5: c9b498604f12753083fa6dccc193df25
      size: 24430310
    outs:
    - path: report/params.json
      md5: 4234022982e13c90a7c7589426d7a39a
      size: 563
    - path: report/scores.json
      md5: 8f0e890a8d882805a7b92304d9538b2b
      size: 112
    - path: saved_models/model.joblib
      md5: 487b129c3aafe289eac21492cd4e19c9
      size: 1190577
